
Microsoft Visual Studio Solution File, Format Version 12.00
Project("{2150E333-8FDC-42A3-9474-1A3956D46DE8}") = "src", "src", "{827E0CD3-B72D-47B6-A68D-7590B98EB39B}"
EndProject
Project("{2150E333-8FDC-42A3-9474-1A3956D46DE8}") = "BuildingBlocks", "BuildingBlocks", "{90298CBA-BD6F-3A0A-69D5-97CAD7B05E7E}"
EndProject
Project("{FAE04EC0-301F-11D3-BF4B-00C04F79EFBC}") = "SharedKernel", "src\BuildingBlocks\SharedKernel\SharedKernel.csproj", "{3B6EA734-4D35-42B6-BA88-49C26EB672F7}"
EndProject
Project("{2150E333-8FDC-42A3-9474-1A3956D46DE8}") = "Modules", "Modules", "{279F0C3C-0343-4F6F-A1D9-1877680188A5}"
EndProject
Project("{2150E333-8FDC-42A3-9474-1A3956D46DE8}") = "Host", "Host", "{981C2CF6-E5BB-602A-511C-234B538302B0}"
EndProject
Project("{FAE04EC0-301F-11D3-BF4B-00C04F79EFBC}") = "Web", "src\Host\Web\Web.csproj", "{05AE3732-5A3E-4526-A6BF-73A921860BEC}"
EndProject
Project("{2150E333-8FDC-42A3-9474-1A3956D46DE8}") = "Catalog", "Catalog", "{AC28CCAC-39F1-F3DB-4DD0-983A70131D87}"
EndProject
Project("{2150E333-8FDC-42A3-9474-1A3956D46DE8}") = "Domain", "Domain", "{3C111B83-30A6-CBC4-6848-3EB30317B5AB}"
EndProject
Project("{FAE04EC0-301F-11D3-BF4B-00C04F79EFBC}") = "Catalog.Domain", "src\Modules\Catalog\Domain\Catalog.Domain.csproj", "{446A1623-198A-41E8-B4A3-470EE55D99D9}"
EndProject
Project("{2150E333-8FDC-42A3-9474-1A3956D46DE8}") = "Application", "Application", "{6812D79D-7411-CC5E-7FB8-FE9CC14C2004}"
EndProject
Project("{FAE04EC0-301F-11D3-BF4B-00C04F79EFBC}") = "Catalog.Application", "src\Modules\Catalog\Application\Catalog.Application.csproj", "{C5AB50E7-A012-401B-A47D-31AF87BC7045}"
EndProject
Project("{2150E333-8FDC-42A3-9474-1A3956D46DE8}") = "Infrastructure", "Infrastructure", "{B8455E1F-E32D-C331-3E82-1622B5FEF121}"
EndProject
Project("{FAE04EC0-301F-11D3-BF4B-00C04F79EFBC}") = "Catalog.Infrastructure", "src\Modules\Catalog\Infrastructure\Catalog.Infrastructure.csproj", "{4D4C9A21-5567-49A6-B2E8-83F19E459AA2}"
EndProject
Project("{2150E333-8FDC-42A3-9474-1A3956D46DE8}") = "Crm", "Crm", "{E8E2308C-0514-E122-55B2-BB8E6AB915AA}"
EndProject
Project("{2150E333-8FDC-42A3-9474-1A3956D46DE8}") = "Domain", "Domain", "{82600256-CAE5-6D4D-A20D-E2DE6D5D09AC}"
EndProject
Project("{FAE04EC0-301F-11D3-BF4B-00C04F79EFBC}") = "Crm.Domain", "src\Modules\Crm\Domain\Crm.Domain.csproj", "{5C9013F0-E08B-4495-A3DA-8AEA93CED556}"
EndProject
Project("{2150E333-8FDC-42A3-9474-1A3956D46DE8}") = "Application", "Application", "{06937712-4DB0-4D65-C449-9DD1BF4F66EE}"
EndProject
Project("{FAE04EC0-301F-11D3-BF4B-00C04F79EFBC}") = "Crm.Application", "src\Modules\Crm\Application\Crm.Application.csproj", "{72EBC5B5-7D09-445D-8AE6-C480867A72BE}"
EndProject
Project("{2150E333-8FDC-42A3-9474-1A3956D46DE8}") = "Infrastructure", "Infrastructure", "{EA4402DC-E5C3-1C5D-2375-5D37C456CF57}"
EndProject
Project("{FAE04EC0-301F-11D3-BF4B-00C04F79EFBC}") = "Crm.Infrastructure", "src\Modules\Crm\Infrastructure\Crm.Infrastructure.csproj", "{EA670BA6-A53C-4BF9-A270-9758443244F8}"
EndProject
Project("{2150E333-8FDC-42A3-9474-1A3956D46DE8}") = "Inventory", "Inventory", "{A5A78BF0-B7F9-0975-6189-C173324A7ECA}"
EndProject
Project("{2150E333-8FDC-42A3-9474-1A3956D46DE8}") = "Domain", "Domain", "{C104A48A-C0F7-0B38-29D4-2D968259D766}"
EndProject
Project("{FAE04EC0-301F-11D3-BF4B-00C04F79EFBC}") = "Inventory.Domain", "src\Modules\Inventory\Domain\Inventory.Domain.csproj", "{6D2649D8-302B-4F32-BB74-F6BBAFC9583C}"
EndProject
Project("{2150E333-8FDC-42A3-9474-1A3956D46DE8}") = "Application", "Application", "{0EA729FD-2DB1-39A9-CAFB-7043578BD055}"
EndProject
Project("{FAE04EC0-301F-11D3-BF4B-00C04F79EFBC}") = "Inventory.Application", "src\Modules\Inventory\Application\Inventory.Application.csproj", "{6C4190F0-1475-4B82-8846-9D7438B555F9}"
EndProject
Project("{2150E333-8FDC-42A3-9474-1A3956D46DE8}") = "Infrastructure", "Infrastructure", "{0104A365-A0E1-DD46-24FE-8C88928BC367}"
EndProject
Project("{FAE04EC0-301F-11D3-BF4B-00C04F79EFBC}") = "Inventory.Infrastructure", "src\Modules\Inventory\Infrastructure\Inventory.Infrastructure.csproj", "{1CD1BF1C-3A4F-4CE9-A853-AE9447B4649B}"
EndProject
Global
	GlobalSection(SolutionConfigurationPlatforms) = preSolution
		Debug|Any CPU = Debug|Any CPU
		Debug|x64 = Debug|x64
		Debug|x86 = Debug|x86
		Release|Any CPU = Release|Any CPU
		Release|x64 = Release|x64
		Release|x86 = Release|x86
	EndGlobalSection
	GlobalSection(ProjectConfigurationPlatforms) = postSolution
		{3B6EA734-4D35-42B6-BA88-49C26EB672F7}.Debug|Any CPU.ActiveCfg = Debug|Any CPU
		{3B6EA734-4D35-42B6-BA88-49C26EB672F7}.Debug|Any CPU.Build.0 = Debug|Any CPU
		{3B6EA734-4D35-42B6-BA88-49C26EB672F7}.Debug|x64.ActiveCfg = Debug|Any CPU
		{3B6EA734-4D35-42B6-BA88-49C26EB672F7}.Debug|x64.Build.0 = Debug|Any CPU
		{3B6EA734-4D35-42B6-BA88-49C26EB672F7}.Debug|x86.ActiveCfg = Debug|Any CPU
		{3B6EA734-4D35-42B6-BA88-49C26EB672F7}.Debug|x86.Build.0 = Debug|Any CPU
		{3B6EA734-4D35-42B6-BA88-49C26EB672F7}.Release|Any CPU.ActiveCfg = Release|Any CPU
		{3B6EA734-4D35-42B6-BA88-49C26EB672F7}.Release|Any CPU.Build.0 = Release|Any CPU
		{3B6EA734-4D35-42B6-BA88-49C26EB672F7}.Release|x64.ActiveCfg = Release|Any CPU
		{3B6EA734-4D35-42B6-BA88-49C26EB672F7}.Release|x64.Build.0 = Release|Any CPU
		{3B6EA734-4D35-42B6-BA88-49C26EB672F7}.Release|x86.ActiveCfg = Release|Any CPU
		{3B6EA734-4D35-42B6-BA88-49C26EB672F7}.Release|x86.Build.0 = Release|Any CPU
		{05AE3732-5A3E-4526-A6BF-73A921860BEC}.Debug|Any CPU.ActiveCfg = Debug|Any CPU
		{05AE3732-5A3E-4526-A6BF-73A921860BEC}.Debug|Any CPU.Build.0 = Debug|Any CPU
		{05AE3732-5A3E-4526-A6BF-73A921860BEC}.Debug|x64.ActiveCfg = Debug|Any CPU
		{05AE3732-5A3E-4526-A6BF-73A921860BEC}.Debug|x64.Build.0 = Debug|Any CPU
		{05AE3732-5A3E-4526-A6BF-73A921860BEC}.Debug|x86.ActiveCfg = Debug|Any CPU
		{05AE3732-5A3E-4526-A6BF-73A921860BEC}.Debug|x86.Build.0 = Debug|Any CPU
		{05AE3732-5A3E-4526-A6BF-73A921860BEC}.Release|Any CPU.ActiveCfg = Release|Any CPU
		{05AE3732-5A3E-4526-A6BF-73A921860BEC}.Release|Any CPU.Build.0 = Release|Any CPU
		{05AE3732-5A3E-4526-A6BF-73A921860BEC}.Release|x64.ActiveCfg = Release|Any CPU
		{05AE3732-5A3E-4526-A6BF-73A921860BEC}.Release|x64.Build.0 = Release|Any CPU
		{05AE3732-5A3E-4526-A6BF-73A921860BEC}.Release|x86.ActiveCfg = Release|Any CPU
		{05AE3732-5A3E-4526-A6BF-73A921860BEC}.Release|x86.Build.0 = Release|Any CPU
		{446A1623-198A-41E8-B4A3-470EE55D99D9}.Debug|Any CPU.ActiveCfg = Debug|Any CPU
		{446A1623-198A-41E8-B4A3-470EE55D99D9}.Debug|Any CPU.Build.0 = Debug|Any CPU
		{446A1623-198A-41E8-B4A3-470EE55D99D9}.Debug|x64.ActiveCfg = Debug|Any CPU
		{446A1623-198A-41E8-B4A3-470EE55D99D9}.Debug|x64.Build.0 = Debug|Any CPU
		{446A1623-198A-41E8-B4A3-470EE55D99D9}.Debug|x86.ActiveCfg = Debug|Any CPU
		{446A1623-198A-41E8-B4A3-470EE55D99D9}.Debug|x86.Build.0 = Debug|Any CPU
		{446A1623-198A-41E8-B4A3-470EE55D99D9}.Release|Any CPU.ActiveCfg = Release|Any CPU
		{446A1623-198A-41E8-B4A3-470EE55D99D9}.Release|Any CPU.Build.0 = Release|Any CPU
		{446A1623-198A-41E8-B4A3-470EE55D99D9}.Release|x64.ActiveCfg = Release|Any CPU
		{446A1623-198A-41E8-B4A3-470EE55D99D9}.Release|x64.Build.0 = Release|Any CPU
		{446A1623-198A-41E8-B4A3-470EE55D99D9}.Release|x86.ActiveCfg = Release|Any CPU
		{446A1623-198A-41E8-B4A3-470EE55D99D9}.Release|x86.Build.0 = Release|Any CPU
		{C5AB50E7-A012-401B-A47D-31AF87BC7045}.Debug|Any CPU.ActiveCfg = Debug|Any CPU
		{C5AB50E7-A012-401B-A47D-31AF87BC7045}.Debug|Any CPU.Build.0 = Debug|Any CPU
		{C5AB50E7-A012-401B-A47D-31AF87BC7045}.Debug|x64.ActiveCfg = Debug|Any CPU
		{C5AB50E7-A012-401B-A47D-31AF87BC7045}.Debug|x64.Build.0 = Debug|Any CPU
		{C5AB50E7-A012-401B-A47D-31AF87BC7045}.Debug|x86.ActiveCfg = Debug|Any CPU
		{C5AB50E7-A012-401B-A47D-31AF87BC7045}.Debug|x86.Build.0 = Debug|Any CPU
		{C5AB50E7-A012-401B-A47D-31AF87BC7045}.Release|Any CPU.ActiveCfg = Release|Any CPU
		{C5AB50E7-A012-401B-A47D-31AF87BC7045}.Release|Any CPU.Build.0 = Release|Any CPU
		{C5AB50E7-A012-401B-A47D-31AF87BC7045}.Release|x64.ActiveCfg = Release|Any CPU
		{C5AB50E7-A012-401B-A47D-31AF87BC7045}.Release|x64.Build.0 = Release|Any CPU
		{C5AB50E7-A012-401B-A47D-31AF87BC7045}.Release|x86.ActiveCfg = Release|Any CPU
		{C5AB50E7-A012-401B-A47D-31AF87BC7045}.Release|x86.Build.0 = Release|Any CPU
		{4D4C9A21-5567-49A6-B2E8-83F19E459AA2}.Debug|Any CPU.ActiveCfg = Debug|Any CPU
		{4D4C9A21-5567-49A6-B2E8-83F19E459AA2}.Debug|Any CPU.Build.0 = Debug|Any CPU
		{4D4C9A21-5567-49A6-B2E8-83F19E459AA2}.Debug|x64.ActiveCfg = Debug|Any CPU
		{4D4C9A21-5567-49A6-B2E8-83F19E459AA2}.Debug|x64.Build.0 = Debug|Any CPU
		{4D4C9A21-5567-49A6-B2E8-83F19E459AA2}.Debug|x86.ActiveCfg = Debug|Any CPU
		{4D4C9A21-5567-49A6-B2E8-83F19E459AA2}.Debug|x86.Build.0 = Debug|Any CPU
		{4D4C9A21-5567-49A6-B2E8-83F19E459AA2}.Release|Any CPU.ActiveCfg = Release|Any CPU
		{4D4C9A21-5567-49A6-B2E8-83F19E459AA2}.Release|Any CPU.Build.0 = Release|Any CPU
		{4D4C9A21-5567-49A6-B2E8-83F19E459AA2}.Release|x64.ActiveCfg = Release|Any CPU
		{4D4C9A21-5567-49A6-B2E8-83F19E459AA2}.Release|x64.Build.0 = Release|Any CPU
		{4D4C9A21-5567-49A6-B2E8-83F19E459AA2}.Release|x86.ActiveCfg = Release|Any CPU
		{4D4C9A21-5567-49A6-B2E8-83F19E459AA2}.Release|x86.Build.0 = Release|Any CPU
		{5C9013F0-E08B-4495-A3DA-8AEA93CED556}.Debug|Any CPU.ActiveCfg = Debug|Any CPU
		{5C9013F0-E08B-4495-A3DA-8AEA93CED556}.Debug|Any CPU.Build.0 = Debug|Any CPU
		{5C9013F0-E08B-4495-A3DA-8AEA93CED556}.Debug|x64.ActiveCfg = Debug|Any CPU
		{5C9013F0-E08B-4495-A3DA-8AEA93CED556}.Debug|x64.Build.0 = Debug|Any CPU
		{5C9013F0-E08B-4495-A3DA-8AEA93CED556}.Debug|x86.ActiveCfg = Debug|Any CPU
		{5C9013F0-E08B-4495-A3DA-8AEA93CED556}.Debug|x86.Build.0 = Debug|Any CPU
		{5C9013F0-E08B-4495-A3DA-8AEA93CED556}.Release|Any CPU.ActiveCfg = Release|Any CPU
		{5C9013F0-E08B-4495-A3DA-8AEA93CED556}.Release|Any CPU.Build.0 = Release|Any CPU
		{5C9013F0-E08B-4495-A3DA-8AEA93CED556}.Release|x64.ActiveCfg = Release|Any CPU
		{5C9013F0-E08B-4495-A3DA-8AEA93CED556}.Release|x64.Build.0 = Release|Any CPU
		{5C9013F0-E08B-4495-A3DA-8AEA93CED556}.Release|x86.ActiveCfg = Release|Any CPU
		{5C9013F0-E08B-4495-A3DA-8AEA93CED556}.Release|x86.Build.0 = Release|Any CPU
		{72EBC5B5-7D09-445D-8AE6-C480867A72BE}.Debug|Any CPU.ActiveCfg = Debug|Any CPU
		{72EBC5B5-7D09-445D-8AE6-C480867A72BE}.Debug|Any CPU.Build.0 = Debug|Any CPU
		{72EBC5B5-7D09-445D-8AE6-C480867A72BE}.Debug|x64.ActiveCfg = Debug|Any CPU
		{72EBC5B5-7D09-445D-8AE6-C480867A72BE}.Debug|x64.Build.0 = Debug|Any CPU
		{72EBC5B5-7D09-445D-8AE6-C480867A72BE}.Debug|x86.ActiveCfg = Debug|Any CPU
		{72EBC5B5-7D09-445D-8AE6-C480867A72BE}.Debug|x86.Build.0 = Debug|Any CPU
		{72EBC5B5-7D09-445D-8AE6-C480867A72BE}.Release|Any CPU.ActiveCfg = Release|Any CPU
		{72EBC5B5-7D09-445D-8AE6-C480867A72BE}.Release|Any CPU.Build.0 = Release|Any CPU
		{72EBC5B5-7D09-445D-8AE6-C480867A72BE}.Release|x64.ActiveCfg = Release|Any CPU
		{72EBC5B5-7D09-445D-8AE6-C480867A72BE}.Release|x64.Build.0 = Release|Any CPU
		{72EBC5B5-7D09-445D-8AE6-C480867A72BE}.Release|x86.ActiveCfg = Release|Any CPU
		{72EBC5B5-7D09-445D-8AE6-C480867A72BE}.Release|x86.Build.0 = Release|Any CPU
		{EA670BA6-A53C-4BF9-A270-9758443244F8}.Debug|Any CPU.ActiveCfg = Debug|Any CPU
		{EA670BA6-A53C-4BF9-A270-9758443244F8}.Debug|Any CPU.Build.0 = Debug|Any CPU
		{EA670BA6-A53C-4BF9-A270-9758443244F8}.Debug|x64.ActiveCfg = Debug|Any CPU
		{EA670BA6-A53C-4BF9-A270-9758443244F8}.Debug|x64.Build.0 = Debug|Any CPU
		{EA670BA6-A53C-4BF9-A270-9758443244F8}.Debug|x86.ActiveCfg = Debug|Any CPU
		{EA670BA6-A53C-4BF9-A270-9758443244F8}.Debug|x86.Build.0 = Debug|Any CPU
		{EA670BA6-A53C-4BF9-A270-9758443244F8}.Release|Any CPU.ActiveCfg = Release|Any CPU
		{EA670BA6-A53C-4BF9-A270-9758443244F8}.Release|Any CPU.Build.0 = Release|Any CPU
		{EA670BA6-A53C-4BF9-A270-9758443244F8}.Release|x64.ActiveCfg = Release|Any CPU
		{EA670BA6-A53C-4BF9-A270-9758443244F8}.Release|x64.Build.0 = Release|Any CPU
		{EA670BA6-A53C-4BF9-A270-9758443244F8}.Release|x86.ActiveCfg = Release|Any CPU
		{EA670BA6-A53C-4BF9-A270-9758443244F8}.Release|x86.Build.0 = Release|Any CPU
		{6D2649D8-302B-4F32-BB74-F6BBAFC9583C}.Debug|Any CPU.ActiveCfg = Debug|Any CPU
		{6D2649D8-302B-4F32-BB74-F6BBAFC9583C}.Debug|Any CPU.Build.0 = Debug|Any CPU
		{6D2649D8-302B-4F32-BB74-F6BBAFC9583C}.Debug|x64.ActiveCfg = Debug|Any CPU
		{6D2649D8-302B-4F32-BB74-F6BBAFC9583C}.Debug|x64.Build.0 = Debug|Any CPU
		{6D2649D8-302B-4F32-BB74-F6BBAFC9583C}.Debug|x86.ActiveCfg = Debug|Any CPU
		{6D2649D8-302B-4F32-BB74-F6BBAFC9583C}.Debug|x86.Build.0 = Debug|Any CPU
		{6D2649D8-302B-4F32-BB74-F6BBAFC9583C}.Release|Any CPU.ActiveCfg = Release|Any CPU
		{6D2649D8-302B-4F32-BB74-F6BBAFC9583C}.Release|Any CPU.Build.0 = Release|Any CPU
		{6D2649D8-302B-4F32-BB74-F6BBAFC9583C}.Release|x64.ActiveCfg = Release|Any CPU
		{6D2649D8-302B-4F32-BB74-F6BBAFC9583C}.Release|x64.Build.0 = Release|Any CPU
		{6D2649D8-302B-4F32-BB74-F6BBAFC9583C}.Release|x86.ActiveCfg = Release|Any CPU
		{6D2649D8-302B-4F32-BB74-F6BBAFC9583C}.Release|x86.Build.0 = Release|Any CPU
		{6C4190F0-1475-4B82-8846-9D7438B555F9}.Debug|Any CPU.ActiveCfg = Debug|Any CPU
		{6C4190F0-1475-4B82-8846-9D7438B555F9}.Debug|Any CPU.Build.0 = Debug|Any CPU
		{6C4190F0-1475-4B82-8846-9D7438B555F9}.Debug|x64.ActiveCfg = Debug|Any CPU
		{6C4190F0-1475-4B82-8846-9D7438B555F9}.Debug|x64.Build.0 = Debug|Any CPU
		{6C4190F0-1475-4B82-8846-9D7438B555F9}.Debug|x86.ActiveCfg = Debug|Any CPU
		{6C4190F0-1475-4B82-8846-9D7438B555F9}.Debug|x86.Build.0 = Debug|Any CPU
		{6C4190F0-1475-4B82-8846-9D7438B555F9}.Release|Any CPU.ActiveCfg = Release|Any CPU
		{6C4190F0-1475-4B82-8846-9D7438B555F9}.Release|Any CPU.Build.0 = Release|Any CPU
		{6C4190F0-1475-4B82-8846-9D7438B555F9}.Release|x64.ActiveCfg = Release|Any CPU
		{6C4190F0-1475-4B82-8846-9D7438B555F9}.Release|x64.Build.0 = Release|Any CPU
		{6C4190F0-1475-4B82-8846-9D7438B555F9}.Release|x86.ActiveCfg = Release|Any CPU
		{6C4190F0-1475-4B82-8846-9D7438B555F9}.Release|x86.Build.0 = Release|Any CPU
		{1CD1BF1C-3A4F-4CE9-A853-AE9447B4649B}.Debug|Any CPU.ActiveCfg = Debug|Any CPU
		{1CD1BF1C-3A4F-4CE9-A853-AE9447B4649B}.Debug|Any CPU.Build.0 = Debug|Any CPU
		{1CD1BF1C-3A4F-4CE9-A853-AE9447B4649B}.Debug|x64.ActiveCfg = Debug|Any CPU
		{1CD1BF1C-3A4F-4CE9-A853-AE9447B4649B}.Debug|x64.Build.0 = Debug|Any CPU
		{1CD1BF1C-3A4F-4CE9-A853-AE9447B4649B}.Debug|x86.ActiveCfg = Debug|Any CPU
		{1CD1BF1C-3A4F-4CE9-A853-AE9447B4649B}.Debug|x86.Build.0 = Debug|Any CPU
		{1CD1BF1C-3A4F-4CE9-A853-AE9447B4649B}.Release|Any CPU.ActiveCfg = Release|Any CPU
		{1CD1BF1C-3A4F-4CE9-A853-AE9447B4649B}.Release|Any CPU.Build.0 = Release|Any CPU
		{1CD1BF1C-3A4F-4CE9-A853-AE9447B4649B}.Release|x64.ActiveCfg = Release|Any CPU
		{1CD1BF1C-3A4F-4CE9-A853-AE9447B4649B}.Release|x64.Build.0 = Release|Any CPU
		{1CD1BF1C-3A4F-4CE9-A853-AE9447B4649B}.Release|x86.ActiveCfg = Release|Any CPU
		{1CD1BF1C-3A4F-4CE9-A853-AE9447B4649B}.Release|x86.Build.0 = Release|Any CPU
	EndGlobalSection
	GlobalSection(SolutionProperties) = preSolution
		HideSolutionNode = FALSE
	EndGlobalSection
	GlobalSection(NestedProjects) = preSolution
		{90298CBA-BD6F-3A0A-69D5-97CAD7B05E7E} = {827E0CD3-B72D-47B6-A68D-7590B98EB39B}
		{3B6EA734-4D35-42B6-BA88-49C26EB672F7} = {90298CBA-BD6F-3A0A-69D5-97CAD7B05E7E}
		{279F0C3C-0343-4F6F-A1D9-1877680188A5} = {827E0CD3-B72D-47B6-A68D-7590B98EB39B}
		{981C2CF6-E5BB-602A-511C-234B538302B0} = {827E0CD3-B72D-47B6-A68D-7590B98EB39B}
		{05AE3732-5A3E-4526-A6BF-73A921860BEC} = {981C2CF6-E5BB-602A-511C-234B538302B0}
		{AC28CCAC-39F1-F3DB-4DD0-983A70131D87} = {279F0C3C-0343-4F6F-A1D9-1877680188A5}
		{3C111B83-30A6-CBC4-6848-3EB30317B5AB} = {AC28CCAC-39F1-F3DB-4DD0-983A70131D87}
		{446A1623-198A-41E8-B4A3-470EE55D99D9} = {3C111B83-30A6-CBC4-6848-3EB30317B5AB}
		{6812D79D-7411-CC5E-7FB8-FE9CC14C2004} = {AC28CCAC-39F1-F3DB-4DD0-983A70131D87}
		{C5AB50E7-A012-401B-A47D-31AF87BC7045} = {6812D79D-7411-CC5E-7FB8-FE9CC14C2004}
		{B8455E1F-E32D-C331-3E82-1622B5FEF121} = {AC28CCAC-39F1-F3DB-4DD0-983A70131D87}
		{4D4C9A21-5567-49A6-B2E8-83F19E459AA2} = {B8455E1F-E32D-C331-3E82-1622B5FEF121}
		{E8E2308C-0514-E122-55B2-BB8E6AB915AA} = {279F0C3C-0343-4F6F-A1D9-1877680188A5}
		{82600256-CAE5-6D4D-A20D-E2DE6D5D09AC} = {E8E2308C-0514-E122-55B2-BB8E6AB915AA}
		{5C9013F0-E08B-4495-A3DA-8AEA93CED556} = {82600256-CAE5-6D4D-A20D-E2DE6D5D09AC}
		{06937712-4DB0-4D65-C449-9DD1BF4F66EE} = {E8E2308C-0514-E122-55B2-BB8E6AB915AA}
		{72EBC5B5-7D09-445D-8AE6-C480867A72BE} = {06937712-4DB0-4D65-C449-9DD1BF4F66EE}
		{EA4402DC-E5C3-1C5D-2375-5D37C456CF57} = {E8E2308C-0514-E122-55B2-BB8E6AB915AA}
		{EA670BA6-A53C-4BF9-A270-9758443244F8} = {EA4402DC-E5C3-1C5D-2375-5D37C456CF57}
		{A5A78BF0-B7F9-0975-6189-C173324A7ECA} = {279F0C3C-0343-4F6F-A1D9-1877680188A5}
		{C104A48A-C0F7-0B38-29D4-2D968259D766} = {A5A78BF0-B7F9-0975-6189-C173324A7ECA}
		{6D2649D8-302B-4F32-BB74-F6BBAFC9583C} = {C104A48A-C0F7-0B38-29D4-2D968259D766}
		{0EA729FD-2DB1-39A9-CAFB-7043578BD055} = {A5A78BF0-B7F9-0975-6189-C173324A7ECA}
		{6C4190F0-1475-4B82-8846-9D7438B555F9} = {0EA729FD-2DB1-39A9-CAFB-7043578BD055}
		{0104A365-A0E1-DD46-24FE-8C88928BC367} = {A5A78BF0-B7F9-0975-6189-C173324A7ECA}
		{1CD1BF1C-3A4F-4CE9-A853-AE9447B4649B} = {0104A365-A0E1-DD46-24FE-8C88928BC367}
	EndGlobalSection
EndGlobal
